
Microsoft Visual Studio Solution File, Format Version 12.00
# Visual Studio 15
VisualStudioVersion = 15.0.26730.15
MinimumVisualStudioVersion = 10.0.40219.1
Project("{9A19103F-16F7-4668-BE54-9A1E7A4F7556}") = "TradingManager", "TradingManager\TradingManager.csproj", "{78F109C0-5F4D-4460-B247-987F3515ED13}"
EndProject
Project("{9A19103F-16F7-4668-BE54-9A1E7A4F7556}") = "TradingManager.Model", "TradmingManager.Model\TradingManager.Model.csproj", "{EA385FCE-CF15-41DF-BB32-C45A289EA03F}"
EndProject
Global
	GlobalSection(SolutionConfigurationPlatforms) = preSolution
		Debug|Any CPU = Debug|Any CPU
		Release|Any CPU = Release|Any CPU
	EndGlobalSection
	GlobalSection(ProjectConfigurationPlatforms) = postSolution
		{78F109C0-5F4D-4460-B247-987F3515ED13}.Debug|Any CPU.ActiveCfg = Debug|Any CPU
		{78F109C0-5F4D-4460-B247-987F3515ED13}.Debug|Any CPU.Build.0 = Debug|Any CPU
		{78F109C0-5F4D-4460-B247-987F3515ED13}.Release|Any CPU.ActiveCfg = Release|Any CPU
		{78F109C0-5F4D-4460-B247-987F3515ED13}.Release|Any CPU.Build.0 = Release|Any CPU
		{EA385FCE-CF15-41DF-BB32-C45A289EA03F}.Debug|Any CPU.ActiveCfg = Debug|Any CPU
		{EA385FCE-CF15-41DF-BB32-C45A289EA03F}.Debug|Any CPU.Build.0 = Debug|Any CPU
		{EA385FCE-CF15-41DF-BB32-C45A289EA03F}.Release|Any CPU.ActiveCfg = Release|Any CPU
		{EA385FCE-CF15-41DF-BB32-C45A289EA03F}.Release|Any CPU.Build.0 = Release|Any CPU
	EndGlobalSection
	GlobalSection(SolutionProperties) = preSolution
		HideSolutionNode = FALSE
	EndGlobalSection
	GlobalSection(ExtensibilityGlobals) = postSolution
		SolutionGuid = {BC8CCF39-B945-46AF-AC7A-F1E5E458C326}
	EndGlobalSection
EndGlobal
